
Microsoft Visual Studio Solution File, Format Version 12.00
# Visual Studio Version 17
VisualStudioVersion = 17.13.35825.156 d17.13
MinimumVisualStudioVersion = 10.0.40219.1
Project("{FAE04EC0-301F-11D3-BF4B-00C04F79EFBC}") = "BudgetTracker", "BudgetTracker\BudgetTracker.csproj", "{EE4B100B-E219-4616-8242-415BBCC75215}"
EndProject
Global
	GlobalSection(SolutionConfigurationPlatforms) = preSolution
		Debug|Any CPU = Debug|Any CPU
		Release|Any CPU = Release|Any CPU
	EndGlobalSection
	GlobalSection(ProjectConfigurationPlatforms) = postSolution
		{EE4B100B-E219-4616-8242-415BBCC75215}.Debug|Any CPU.ActiveCfg = Debug|Any CPU
		{EE4B100B-E219-4616-8242-415BBCC75215}.Debug|Any CPU.Build.0 = Debug|Any CPU
		{EE4B100B-E219-4616-8242-415BBCC75215}.Release|Any CPU.ActiveCfg = Release|Any CPU
		{EE4B100B-E219-4616-8242-415BBCC75215}.Release|Any CPU.Build.0 = Release|Any CPU
	EndGlobalSection
	GlobalSection(SolutionProperties) = preSolution
		HideSolutionNode = FALSE
	EndGlobalSection
	GlobalSection(ExtensibilityGlobals) = postSolution
		SolutionGuid = {7AE22AC2-A6C3-4022-81E6-49E099DC8A4D}
	EndGlobalSection
EndGlobal
